{
  "version": 1,
  "sidecar": "git@github.com:acafons/tpmkit-specs.git",
  "source_branch": "main",
  "namespaces": [
    {
      "name": "tpmkit",
      "sidecar_branch": "tpmkit/__branches__/main",
      "commit": "a9a8106ee7e1a7754481d48aa509da50f8344286",
      "digest": "sha256:2f2edd3f1a2b98e15ca96fc3168b3bf431c2a28d46a9d1099b64308f3d6f59f7",
      "files": 126,
      "bytes": 1163382
    }
  ]
}
