{
  "version": 1,
  "sidecar": "git@github.com:acafons/tpmkit-specs.git",
  "source_branch": "main",
  "namespaces": [
    {
      "name": "tpmkit",
      "sidecar_branch": "tpmkit/__branches__/main",
      "commit": "2fdba3bf0fa78b50936db886fb93f7d1c994d52b",
      "digest": "sha256:e3b0c44298fc1c149afbf4c8996fb92427ae41e4649b934ca495991b7852b855",
      "files": 0,
      "bytes": 0
    }
  ]
}
