{
  "version": 1,
  "sidecar": "git@github.com:acafons/tpmkit-specs.git",
  "source_branch": "main",
  "namespaces": [
    {
      "name": "tpmkit",
      "sidecar_branch": "tpmkit/__branches__/main",
      "commit": "9982e9e244c67b7bcca687282a8116a985d6106c",
      "digest": "sha256:49d9716c214bfb52c1187a34c91372ca890b3decaa71001287bafa3cfb296a34",
      "files": 100,
      "bytes": 1043006
    }
  ]
}
